Microsoft Visual Studio Solution File, Format Version 12.00
# Visual Studio 14
VisualStudioVersion = 14.0.25420.1
MinimumVisualStudioVersion = 10.0.40219.1
Project("{8BC9CEB8-8B4A-11D0-8D11-00A0C91BC942}") = "gmock", "googlemock\gmock.vcxproj", "{2C947170-2A30-3131-B11E-70AB968EA3E6}"
EndProject
Project("{8BC9CEB8-8B4A-11D0-8D11-00A0C91BC942}") = "gmock-actions_test", "googlemock\gmock-actions_test.vcxproj", "{08039237-8763-30CF-B511-153D7165BBC3}"
	ProjectSection(ProjectDependencies) = postProject
		{52DDB893-EF02-35F4-930B-C44D932AFE16} = {52DDB893-EF02-35F4-930B-C44D932AFE16}
	EndProjectSection
EndProject
Project("{8BC9CEB8-8B4A-11D0-8D11-00A0C91BC942}") = "gmock-cardinalities_test", "googlemock\gmock-cardinalities_test.vcxproj", "{76A1FFE0-A883-33D5-A6AB-4596A43FC4DE}"
	ProjectSection(ProjectDependencies) = postProject
		{52DDB893-EF02-35F4-930B-C44D932AFE16} = {52DDB893-EF02-35F4-930B-C44D932AFE16}
	EndProjectSection
EndProject
Project("{8BC9CEB8-8B4A-11D0-8D11-00A0C91BC942}") = "gmock-function-mocker_test", "googlemock\gmock-function-mocker_test.vcxproj", "{8C9A270B-F28F-3163-8F8D-C1F5283061F0}"
	ProjectSection(ProjectDependencies) = postProject
		{52DDB893-EF02-35F4-930B-C44D932AFE16} = {52DDB893-EF02-35F4-930B-C44D932AFE16}
	EndProjectSection
EndProject
Project("{8BC9CEB8-8B4A-11D0-8D11-00A0C91BC942}") = "gmock-generated-actions_test", "googlemock\gmock-generated-actions_test.vcxproj", "{E8300577-D5EE-3A93-BEE2-6FF6CCEC99D1}"
	ProjectSection(ProjectDependencies) = postProject
		{52DDB893-EF02-35F4-930B-C44D932AFE16} = {52DDB893-EF02-35F4-930B-C44D932AFE16}
	EndProjectSection
EndProject
Project("{8BC9CEB8-8B4A-11D0-8D11-00A0C91BC942}") = "gmock-generated-function-mockers_test", "googlemock\gmock-generated-function-mockers_test.vcxproj", "{A875E483-F95C-354B-A383-3BEEACE1DD7E}"
	ProjectSection(ProjectDependencies) = postProject
		{52DDB893-EF02-35F4-930B-C44D932AFE16} = {52DDB893-EF02-35F4-930B-C44D932AFE16}
	EndProjectSection
EndProject
Project("{8BC9CEB8-8B4A-11D0-8D11-00A0C91BC942}") = "gmock-generated-matchers_test", "googlemock\gmock-generated-matchers_test.vcxproj", "{860267D7-D9CC-3CFF-9BBD-3C45C97CFEC1}"
	ProjectSection(ProjectDependencies) = postProject
		{52DDB893-EF02-35F4-930B-C44D932AFE16} = {52DDB893-EF02-35F4-930B-C44D932AFE16}
	EndProjectSection
EndProject
Project("{8BC9CEB8-8B4A-11D0-8D11-00A0C91BC942}") = "gmock-internal-utils_test", "googlemock\gmock-internal-utils_test.vcxproj", "{A49FFE68-A820-3535-8E28-DE6ADCEAE2F4}"
	ProjectSection(ProjectDependencies) = postProject
		{52DDB893-EF02-35F4-930B-C44D932AFE16} = {52DDB893-EF02-35F4-930B-C44D932AFE16}
	EndProjectSection
EndProject
Project("{8BC9CEB8-8B4A-11D0-8D11-00A0C91BC942}") = "gmock-matchers_test", "googlemock\gmock-matchers_test.vcxproj", "{5642B369-65E9-3931-BC9F-6A3F521F887F}"
	ProjectSection(ProjectDependencies) = postProject
		{52DDB893-EF02-35F4-930B-C44D932AFE16} = {52DDB893-EF02-35F4-930B-C44D932AFE16}
	EndProjectSection
EndProject
Project("{8BC9CEB8-8B4A-11D0-8D11-00A0C91BC942}") = "gmock-more-actions_no_exception_test", "googlemock\gmock-more-actions_no_exception_test.vcxproj", "{927476FB-5CDD-32B1-8A1C-6417431998AA}"
	ProjectSection(ProjectDependencies) = postProject
		{E5330B0F-30E2-3491-9DAC-1FDAD981AFFD} = {E5330B0F-30E2-3491-9DAC-1FDAD981AFFD}
	EndProjectSection
EndProject
Project("{8BC9CEB8-8B4A-11D0-8D11-00A0C91BC942}") = "gmock-more-actions_test", "googlemock\gmock-more-actions_test.vcxproj", "{87563EBF-9688-3DD8-A8B1-53AE77BD0CC4}"
	ProjectSection(ProjectDependencies) = postProject
		{52DDB893-EF02-35F4-930B-C44D932AFE16} = {52DDB893-EF02-35F4-930B-C44D932AFE16}
	EndProjectSection
EndProject
Project("{8BC9CEB8-8B4A-11D0-8D11-00A0C91BC942}") = "gmock-nice-strict_test", "googlemock\gmock-nice-strict_test.vcxproj", "{7F0D5BB2-843E-335A-8F0E-E5F514F971F5}"
	ProjectSection(ProjectDependencies) = postProject
		{52DDB893-EF02-35F4-930B-C44D932AFE16} = {52DDB893-EF02-35F4-930B-C44D932AFE16}
	EndProjectSection
EndProject
Project("{8BC9CEB8-8B4A-11D0-8D11-00A0C91BC942}") = "gmock-port_test", "googlemock\gmock-port_test.vcxproj", "{A309E430-A4B0-3865-BF7A-3E21B976A427}"
	ProjectSection(ProjectDependencies) = postProject
		{52DDB893-EF02-35F4-930B-C44D932AFE16} = {52DDB893-EF02-35F4-930B-C44D932AFE16}
	EndProjectSection
EndProject
Project("{8BC9CEB8-8B4A-11D0-8D11-00A0C91BC942}") = "gmock-spec-builders_test", "googlemock\gmock-spec-builders_test.vcxproj", "{6255D16A-790D-385E-B7CD-64EF57934E00}"
	ProjectSection(ProjectDependencies) = postProject
		{52DDB893-EF02-35F4-930B-C44D932AFE16} = {52DDB893-EF02-35F4-930B-C44D932AFE16}
	EndProjectSection
EndProject
Project("{8BC9CEB8-8B4A-11D0-8D11-00A0C91BC942}") = "gmock_ex_test", "googlemock\gmock_ex_test.vcxproj", "{C91477C6-E61C-3C81-99FF-A662D2CE2F37}"
	ProjectSection(ProjectDependencies) = postProject
		{52DDB893-EF02-35F4-930B-C44D932AFE16} = {52DDB893-EF02-35F4-930B-C44D932AFE16}
	EndProjectSection
EndProject
Project("{8BC9CEB8-8B4A-11D0-8D11-00A0C91BC942}") = "gmock_leak_test_", "googlemock\gmock_leak_test_.vcxproj", "{57B7BC8B-173E-3D9D-9FF8-C793C23829BD}"
	ProjectSection(ProjectDependencies) = postProject
		{52DDB893-EF02-35F4-930B-C44D932AFE16} = {52DDB893-EF02-35F4-930B-C44D932AFE16}
	EndProjectSection
EndProject
Project("{8BC9CEB8-8B4A-11D0-8D11-00A0C91BC942}") = "gmock_link_test", "googlemock\gmock_link_test.vcxproj", "{43760DDA-A6E8-36C5-B242-F690D390ECBB}"
	ProjectSection(ProjectDependencies) = postProject
		{52DDB893-EF02-35F4-930B-C44D932AFE16} = {52DDB893-EF02-35F4-930B-C44D932AFE16}
	EndProjectSection
EndProject
Project("{8BC9CEB8-8B4A-11D0-8D11-00A0C91BC942}") = "gmock_main", "googlemock\gmock_main.vcxproj", "{52DDB893-EF02-35F4-930B-C44D932AFE16}"
EndProject
Project("{8BC9CEB8-8B4A-11D0-8D11-00A0C91BC942}") = "gmock_main_no_exception", "googlemock\gmock_main_no_exception.vcxproj", "{E5330B0F-30E2-3491-9DAC-1FDAD981AFFD}"
EndProject
Project("{8BC9CEB8-8B4A-11D0-8D11-00A0C91BC942}") = "gmock_main_no_rtti", "googlemock\gmock_main_no_rtti.vcxproj", "{935DF71E-25BA-39F2-B73B-C9CBD5942E82}"
EndProject
Project("{8BC9CEB8-8B4A-11D0-8D11-00A0C91BC942}") = "gmock_no_rtti_test", "googlemock\gmock_no_rtti_test.vcxproj", "{0BF38EAF-C16B-397C-AE4B-57D19E9EF9CA}"
	ProjectSection(ProjectDependencies) = postProject
		{935DF71E-25BA-39F2-B73B-C9CBD5942E82} = {935DF71E-25BA-39F2-B73B-C9CBD5942E82}
	EndProjectSection
EndProject
Project("{8BC9CEB8-8B4A-11D0-8D11-00A0C91BC942}") = "gmock_output_test_", "googlemock\gmock_output_test_.vcxproj", "{16791277-3DAB-3409-B086-5AA4A553B9B7}"
	ProjectSection(ProjectDependencies) = postProject
		{2C947170-2A30-3131-B11E-70AB968EA3E6} = {2C947170-2A30-3131-B11E-70AB968EA3E6}
	EndProjectSection
EndProject
Project("{8BC9CEB8-8B4A-11D0-8D11-00A0C91BC942}") = "gmock_test", "googlemock\gmock_test.vcxproj", "{2A0EF695-FFC1-3B9D-9353-AD89CB336D82}"
	ProjectSection(ProjectDependencies) = postProject
		{52DDB893-EF02-35F4-930B-C44D932AFE16} = {52DDB893-EF02-35F4-930B-C44D932AFE16}
	EndProjectSection
EndProject
Project("{8BC9CEB8-8B4A-11D0-8D11-00A0C91BC942}") = "googletest-break-on-failure-unittest_", "googlemock\gtest\googletest-break-on-failure-unittest_.vcxproj", "{81300D4F-1B46-3E61-83D1-5E34694FFFE2}"
	ProjectSection(ProjectDependencies) = postProject
		{C35B12B6-04E8-31E8-BABA-7973F938AA2A} = {C35B12B6-04E8-31E8-BABA-7973F938AA2A}
	EndProjectSection
EndProject
Project("{8BC9CEB8-8B4A-11D0-8D11-00A0C91BC942}") = "googletest-catch-exceptions-ex-test_", "googlemock\gtest\googletest-catch-exceptions-ex-test_.vcxproj", "{E91A6F25-B41B-396F-8465-79CECE803EEE}"
	ProjectSection(ProjectDependencies) = postProject
		{C35B12B6-04E8-31E8-BABA-7973F938AA2A} = {C35B12B6-04E8-31E8-BABA-7973F938AA2A}
		{55BF3CA4-5132-352B-960B-FCB15B25FAAA} = {55BF3CA4-5132-352B-960B-FCB15B25FAAA}
	EndProjectSection
EndProject
Project("{8BC9CEB8-8B4A-11D0-8D11-00A0C91BC942}") = "googletest-catch-exceptions-no-ex-test_", "googlemock\gtest\googletest-catch-exceptions-no-ex-test_.vcxproj", "{4E502FBB-22A6-3954-971C-BE7052FC7A4D}"
	ProjectSection(ProjectDependencies) = postProject
		{CB1BDDD7-8B30-317A-8E0F-1C6BBCDDE214} = {CB1BDDD7-8B30-317A-8E0F-1C6BBCDDE214}
	EndProjectSection
EndProject
Project("{8BC9CEB8-8B4A-11D0-8D11-00A0C91BC942}") = "googletest-color-test_", "googlemock\gtest\googletest-color-test_.vcxproj", "{1ABEF5B9-29B4-38C3-83BE-6AB5127ACC9F}"
	ProjectSection(ProjectDependencies) = postProject
		{C35B12B6-04E8-31E8-BABA-7973F938AA2A} = {C35B12B6-04E8-31E8-BABA-7973F938AA2A}
	EndProjectSection
EndProject
Project("{8BC9CEB8-8B4A-11D0-8D11-00A0C91BC942}") = "googletest-death-test-test", "googlemock\gtest\googletest-death-test-test.vcxproj", "{24C441C3-A364-3425-9DE5-0D680F3D40DE}"
	ProjectSection(ProjectDependencies) = postProject
		{C35B12B6-04E8-31E8-BABA-7973F938AA2A} = {C35B12B6-04E8-31E8-BABA-7973F938AA2A}
		{55BF3CA4-5132-352B-960B-FCB15B25FAAA} = {55BF3CA4-5132-352B-960B-FCB15B25FAAA}
	EndProjectSection
EndProject
Project("{8BC9CEB8-8B4A-11D0-8D11-00A0C91BC942}") = "googletest-env-var-test_", "googlemock\gtest\googletest-env-var-test_.vcxproj", "{13650D6F-608D-3E45-A4DB-F870668D8765}"
	ProjectSection(ProjectDependencies) = postProject
		{C35B12B6-04E8-31E8-BABA-7973F938AA2A} = {C35B12B6-04E8-31E8-BABA-7973F938AA2A}
	EndProjectSection
EndProject
Project("{8BC9CEB8-8B4A-11D0-8D11-00A0C91BC942}") = "googletest-filepath-test", "googlemock\gtest\googletest-filepath-test.vcxproj", "{8C2C2DA7-4571-3A26-BE6E-EDD241C1D679}"
	ProjectSection(ProjectDependencies) = postProject
		{C35B12B6-04E8-31E8-BABA-7973F938AA2A} = {C35B12B6-04E8-31E8-BABA-7973F938AA2A}
		{55BF3CA4-5132-352B-960B-FCB15B25FAAA} = {55BF3CA4-5132-352B-960B-FCB15B25FAAA}
	EndProjectSection
EndProject
Project("{8BC9CEB8-8B4A-11D0-8D11-00A0C91BC942}") = "googletest-filter-unittest_", "googlemock\gtest\googletest-filter-unittest_.vcxproj", "{AC4D490F-A8A6-3EEE-A8E9-B2432FE01630}"
	ProjectSection(ProjectDependencies) = postProject
		{C35B12B6-04E8-31E8-BABA-7973F938AA2A} = {C35B12B6-04E8-31E8-BABA-7973F938AA2A}
	EndProjectSection
EndProject
Project("{8BC9CEB8-8B4A-11D0-8D11-00A0C91BC942}") = "googletest-list-tests-unittest_", "googlemock\gtest\googletest-list-tests-unittest_.vcxproj", "{6655395B-7C96-3E69-9793-2E0D6922F7C2}"
	ProjectSection(ProjectDependencies) = postProject
		{C35B12B6-04E8-31E8-BABA-7973F938AA2A} = {C35B12B6-04E8-31E8-BABA-7973F938AA2A}
	EndProjectSection
EndProject
Project("{8BC9CEB8-8B4A-11D0-8D11-00A0C91BC942}") = "googletest-listener-test", "googlemock\gtest\googletest-listener-test.vcxproj", "{3B8815F8-2C9D-3F19-8A1A-CDB662D8CD9F}"
	ProjectSection(ProjectDependencies) = postProject
		{C35B12B6-04E8-31E8-BABA-7973F938AA2A} = {C35B12B6-04E8-31E8-BABA-7973F938AA2A}
		{55BF3CA4-5132-352B-960B-FCB15B25FAAA} = {55BF3CA4-5132-352B-960B-FCB15B25FAAA}
	EndProjectSection
EndProject
Project("{8BC9CEB8-8B4A-11D0-8D11-00A0C91BC942}") = "googletest-message-test", "googlemock\gtest\googletest-message-test.vcxproj", "{E7E87E02-35C4-369E-8977-6F5C3DA66B2A}"
	ProjectSection(ProjectDependencies) = postProject
		{C35B12B6-04E8-31E8-BABA-7973F938AA2A} = {C35B12B6-04E8-31E8-BABA-7973F938AA2A}
		{55BF3CA4-5132-352B-960B-FCB15B25FAAA} = {55BF3CA4-5132-352B-960B-FCB15B25FAAA}
	EndProjectSection
EndProject
Project("{8BC9CEB8-8B4A-11D0-8D11-00A0C91BC942}") = "googletest-options-test", "googlemock\gtest\googletest-options-test.vcxproj", "{1CC4551B-2F59-3F89-92AC-4E6A43BFD75E}"
	ProjectSection(ProjectDependencies) = postProject
		{C35B12B6-04E8-31E8-BABA-7973F938AA2A} = {C35B12B6-04E8-31E8-BABA-7973F938AA2A}
		{55BF3CA4-5132-352B-960B-FCB15B25FAAA} = {55BF3CA4-5132-352B-960B-FCB15B25FAAA}
	EndProjectSection
EndProject
Project("{8BC9CEB8-8B4A-11D0-8D11-00A0C91BC942}") = "googletest-output-test_", "googlemock\gtest\googletest-output-test_.vcxproj", "{F14BA9D4-EB26-35D2-B736-1DFD7701E377}"
	ProjectSection(ProjectDependencies) = postProject
		{C35B12B6-04E8-31E8-BABA-7973F938AA2A} = {C35B12B6-04E8-31E8-BABA-7973F938AA2A}
	EndProjectSection
EndProject
Project("{8BC9CEB8-8B4A-11D0-8D11-00A0C91BC942}") = "googletest-param-test-test", "googlemock\gtest\googletest-param-test-test.vcxproj", "{3C0684A6-8187-3D8E-8B6C-BBAC8F8A4D9E}"
	ProjectSection(ProjectDependencies) = postProject
		{C35B12B6-04E8-31E8-BABA-7973F938AA2A} = {C35B12B6-04E8-31E8-BABA-7973F938AA2A}
	EndProjectSection
EndProject
Project("{8BC9CEB8-8B4A-11D0-8D11-00A0C91BC942}") = "googletest-port-test", "googlemock\gtest\googletest-port-test.vcxproj", "{F0F432EC-C284-3AFC-BBEB-A7454190DB82}"
	ProjectSection(ProjectDependencies) = postProject
		{C35B12B6-04E8-31E8-BABA-7973F938AA2A} = {C35B12B6-04E8-31E8-BABA-7973F938AA2A}
		{55BF3CA4-5132-352B-960B-FCB15B25FAAA} = {55BF3CA4-5132-352B-960B-FCB15B25FAAA}
	EndProjectSection
EndProject
Project("{8BC9CEB8-8B4A-11D0-8D11-00A0C91BC942}") = "googletest-printers-test", "googlemock\gtest\googletest-printers-test.vcxproj", "{DA736EAD-9DF7-3022-8204-12B4E750FF41}"
	ProjectSection(ProjectDependencies) = postProject
		{C35B12B6-04E8-31E8-BABA-7973F938AA2A} = {C35B12B6-04E8-31E8-BABA-7973F938AA2A}
		{55BF3CA4-5132-352B-960B-FCB15B25FAAA} = {55BF3CA4-5132-352B-960B-FCB15B25FAAA}
	EndProjectSection
EndProject
Project("{8BC9CEB8-8B4A-11D0-8D11-00A0C91BC942}") = "googletest-shuffle-test_", "googlemock\gtest\googletest-shuffle-test_.vcxproj", "{59B9B649-4673-343B-8143-4FD32849D124}"
	ProjectSection(ProjectDependencies) = postProject
		{C35B12B6-04E8-31E8-BABA-7973F938AA2A} = {C35B12B6-04E8-31E8-BABA-7973F938AA2A}
	EndProjectSection
EndProject
Project("{8BC9CEB8-8B4A-11D0-8D11-00A0C91BC942}") = "googletest-test-part-test", "googlemock\gtest\googletest-test-part-test.vcxproj", "{409B1602-3B98-3D21-A81D-D39147A1E0A1}"
	ProjectSection(ProjectDependencies) = postProject
		{C35B12B6-04E8-31E8-BABA-7973F938AA2A} = {C35B12B6-04E8-31E8-BABA-7973F938AA2A}
		{55BF3CA4-5132-352B-960B-FCB15B25FAAA} = {55BF3CA4-5132-352B-960B-FCB15B25FAAA}
	EndProjectSection
EndProject
Project("{8BC9CEB8-8B4A-11D0-8D11-00A0C91BC942}") = "googletest-throw-on-failure-test_", "googlemock\gtest\googletest-throw-on-failure-test_.vcxproj", "{16816FEC-61C0-3641-A80D-6961F4620D7E}"
	ProjectSection(ProjectDependencies) = postProject
		{AC1AB683-49E3-3A61-9A4E-B4853BF0CE6E} = {AC1AB683-49E3-3A61-9A4E-B4853BF0CE6E}
	EndProjectSection
EndProject
Project("{8BC9CEB8-8B4A-11D0-8D11-00A0C91BC942}") = "googletest-uninitialized-test_", "googlemock\gtest\googletest-uninitialized-test_.vcxproj", "{5313B4EE-D951-35DB-A814-043C73536FF2}"
	ProjectSection(ProjectDependencies) = postProject
		{C35B12B6-04E8-31E8-BABA-7973F938AA2A} = {C35B12B6-04E8-31E8-BABA-7973F938AA2A}
	EndProjectSection
EndProject
Project("{8BC9CEB8-8B4A-11D0-8D11-00A0C91BC942}") = "gtest", "googlemock\gtest\gtest.vcxproj", "{C35B12B6-04E8-31E8-BABA-7973F938AA2A}"
EndProject
Project("{8BC9CEB8-8B4A-11D0-8D11-00A0C91BC942}") = "gtest-death-test_ex_catch_test", "googlemock\gtest\gtest-death-test_ex_catch_test.vcxproj", "{0FFEA2C0-BB73-3A44-8E78-E631B482FE93}"
	ProjectSection(ProjectDependencies) = postProject
		{C35B12B6-04E8-31E8-BABA-7973F938AA2A} = {C35B12B6-04E8-31E8-BABA-7973F938AA2A}
	EndProjectSection
EndProject
Project("{8BC9CEB8-8B4A-11D0-8D11-00A0C91BC942}") = "gtest-death-test_ex_nocatch_test", "googlemock\gtest\gtest-death-test_ex_nocatch_test.vcxproj", "{2EB4C7FE-D6BE-3789-B2CB-7E5291499637}"
	ProjectSection(ProjectDependencies) = postProject
		{C35B12B6-04E8-31E8-BABA-7973F938AA2A} = {C35B12B6-04E8-31E8-BABA-7973F938AA2A}
	EndProjectSection
EndProject
Project("{8BC9CEB8-8B4A-11D0-8D11-00A0C91BC942}") = "gtest-typed-test_test", "googlemock\gtest\gtest-typed-test_test.vcxproj", "{1B1987AA-CE79-3455-B828-03A64650E3CC}"
	ProjectSection(ProjectDependencies) = postProject
		{C35B12B6-04E8-31E8-BABA-7973F938AA2A} = {C35B12B6-04E8-31E8-BABA-7973F938AA2A}
		{55BF3CA4-5132-352B-960B-FCB15B25FAAA} = {55BF3CA4-5132-352B-960B-FCB15B25FAAA}
	EndProjectSection
EndProject
Project("{8BC9CEB8-8B4A-11D0-8D11-00A0C91BC942}") = "gtest-unittest-api_test", "googlemock\gtest\gtest-unittest-api_test.vcxproj", "{70BA4377-755D-334C-875E-914DEE8099E8}"
	ProjectSection(ProjectDependencies) = postProject
		{C35B12B6-04E8-31E8-BABA-7973F938AA2A} = {C35B12B6-04E8-31E8-BABA-7973F938AA2A}
	EndProjectSection
EndProject
Project("{8BC9CEB8-8B4A-11D0-8D11-00A0C91BC942}") = "gtest_dll", "googlemock\gtest\gtest_dll.vcxproj", "{A7C4AB44-13C9-359E-802C-9FEA79DB10BF}"
EndProject
Project("{8BC9CEB8-8B4A-11D0-8D11-00A0C91BC942}") = "gtest_dll_test_", "googlemock\gtest\gtest_dll_test_.vcxproj", "{B703F0A6-57FA-30A8-B8B8-4024323D4758}"
	ProjectSection(ProjectDependencies) = postProject
		{A7C4AB44-13C9-359E-802C-9FEA79DB10BF} = {A7C4AB44-13C9-359E-802C-9FEA79DB10BF}
	EndProjectSection
EndProject
Project("{8BC9CEB8-8B4A-11D0-8D11-00A0C91BC942}") = "gtest_environment_test", "googlemock\gtest\gtest_environment_test.vcxproj", "{69E97220-D246-325F-BA79-3377B534908E}"
	ProjectSection(ProjectDependencies) = postProject
		{C35B12B6-04E8-31E8-BABA-7973F938AA2A} = {C35B12B6-04E8-31E8-BABA-7973F938AA2A}
	EndProjectSection
EndProject
Project("{8BC9CEB8-8B4A-11D0-8D11-00A0C91BC942}") = "gtest_help_test_", "googlemock\gtest\gtest_help_test_.vcxproj", "{8AA68D65-E422-3143-BF7E-C5C42AF9255D}"
	ProjectSection(ProjectDependencies) = postProject
		{C35B12B6-04E8-31E8-BABA-7973F938AA2A} = {C35B12B6-04E8-31E8-BABA-7973F938AA2A}
		{55BF3CA4-5132-352B-960B-FCB15B25FAAA} = {55BF3CA4-5132-352B-960B-FCB15B25FAAA}
	EndProjectSection
EndProject
Project("{8BC9CEB8-8B4A-11D0-8D11-00A0C91BC942}") = "gtest_main", "googlemock\gtest\gtest_main.vcxproj", "{55BF3CA4-5132-352B-960B-FCB15B25FAAA}"
	ProjectSection(ProjectDependencies) = postProject
		{C35B12B6-04E8-31E8-BABA-7973F938AA2A} = {C35B12B6-04E8-31E8-BABA-7973F938AA2A}
	EndProjectSection
EndProject
Project("{8BC9CEB8-8B4A-11D0-8D11-00A0C91BC942}") = "gtest_main_no_exception", "googlemock\gtest\gtest_main_no_exception.vcxproj", "{CB1BDDD7-8B30-317A-8E0F-1C6BBCDDE214}"
EndProject
Project("{8BC9CEB8-8B4A-11D0-8D11-00A0C91BC942}") = "gtest_main_no_rtti", "googlemock\gtest\gtest_main_no_rtti.vcxproj", "{79D99810-454A-316F-8400-F4273219F2C2}"
EndProject
Project("{8BC9CEB8-8B4A-11D0-8D11-00A0C91BC942}") = "gtest_main_unittest", "googlemock\gtest\gtest_main_unittest.vcxproj", "{100DD4DF-F805-3FF8-AA8A-82C959EA10D0}"
	ProjectSection(ProjectDependencies) = postProject
		{C35B12B6-04E8-31E8-BABA-7973F938AA2A} = {C35B12B6-04E8-31E8-BABA-7973F938AA2A}
		{55BF3CA4-5132-352B-960B-FCB15B25FAAA} = {55BF3CA4-5132-352B-960B-FCB15B25FAAA}
	EndProjectSection
EndProject
Project("{8BC9CEB8-8B4A-11D0-8D11-00A0C91BC942}") = "gtest_no_exception", "googlemock\gtest\gtest_no_exception.vcxproj", "{AC1AB683-49E3-3A61-9A4E-B4853BF0CE6E}"
EndProject
Project("{8BC9CEB8-8B4A-11D0-8D11-00A0C91BC942}") = "gtest_no_rtti_unittest", "googlemock\gtest\gtest_no_rtti_unittest.vcxproj", "{BF5BA465-4C11-36F5-B2D3-EF437058ABBF}"
	ProjectSection(ProjectDependencies) = postProject
		{79D99810-454A-316F-8400-F4273219F2C2} = {79D99810-454A-316F-8400-F4273219F2C2}
	EndProjectSection
EndProject
Project("{8BC9CEB8-8B4A-11D0-8D11-00A0C91BC942}") = "gtest_no_test_unittest", "googlemock\gtest\gtest_no_test_unittest.vcxproj", "{721077EB-99C8-3CF1-AA82-AD24577FEB44}"
	ProjectSection(ProjectDependencies) = postProject
		{C35B12B6-04E8-31E8-BABA-7973F938AA2A} = {C35B12B6-04E8-31E8-BABA-7973F938AA2A}
	EndProjectSection
EndProject
Project("{8BC9CEB8-8B4A-11D0-8D11-00A0C91BC942}") = "gtest_pred_impl_unittest", "googlemock\gtest\gtest_pred_impl_unittest.vcxproj", "{D55859AF-ADE2-3344-B591-A997E5E718B1}"
	ProjectSection(ProjectDependencies) = postProject
		{C35B12B6-04E8-31E8-BABA-7973F938AA2A} = {C35B12B6-04E8-31E8-BABA-7973F938AA2A}
		{55BF3CA4-5132-352B-960B-FCB15B25FAAA} = {55BF3CA4-5132-352B-960B-FCB15B25FAAA}
	EndProjectSection
EndProject
Project("{8BC9CEB8-8B4A-11D0-8D11-00A0C91BC942}") = "gtest_premature_exit_test", "googlemock\gtest\gtest_premature_exit_test.vcxproj", "{6F44D597-BED1-3268-ACAE-F3F7E211F19B}"
	ProjectSection(ProjectDependencies) = postProject
		{C35B12B6-04E8-31E8-BABA-7973F938AA2A} = {C35B12B6-04E8-31E8-BABA-7973F938AA2A}
	EndProjectSection
EndProject
Project("{8BC9CEB8-8B4A-11D0-8D11-00A0C91BC942}") = "gtest_prod_test", "googlemock\gtest\gtest_prod_test.vcxproj", "{608ABCCB-CF36-3196-88DD-18E758FE8163}"
	ProjectSection(ProjectDependencies) = postProject
		{C35B12B6-04E8-31E8-BABA-7973F938AA2A} = {C35B12B6-04E8-31E8-BABA-7973F938AA2A}
		{55BF3CA4-5132-352B-960B-FCB15B25FAAA} = {55BF3CA4-5132-352B-960B-FCB15B25FAAA}
	EndProjectSection
EndProject
Project("{8BC9CEB8-8B4A-11D0-8D11-00A0C91BC942}") = "gtest_repeat_test", "googlemock\gtest\gtest_repeat_test.vcxproj", "{45ACE3EF-740F-397F-964C-5689DCF8658D}"
	ProjectSection(ProjectDependencies) = postProject
		{C35B12B6-04E8-31E8-BABA-7973F938AA2A} = {C35B12B6-04E8-31E8-BABA-7973F938AA2A}
	EndProjectSection
EndProject
Project("{8BC9CEB8-8B4A-11D0-8D11-00A0C91BC942}") = "gtest_skip_test", "googlemock\gtest\gtest_skip_test.vcxproj", "{8AB46431-D586-310E-8853-013CF018D4CF}"
	ProjectSection(ProjectDependencies) = postProject
		{C35B12B6-04E8-31E8-BABA-7973F938AA2A} = {C35B12B6-04E8-31E8-BABA-7973F938AA2A}
		{55BF3CA4-5132-352B-960B-FCB15B25FAAA} = {55BF3CA4-5132-352B-960B-FCB15B25FAAA}
	EndProjectSection
EndProject
Project("{8BC9CEB8-8B4A-11D0-8D11-00A0C91BC942}") = "gtest_sole_header_test", "googlemock\gtest\gtest_sole_header_test.vcxproj", "{41739482-24EF-3434-9A4D-D89EA299A4B3}"
	ProjectSection(ProjectDependencies) = postProject
		{C35B12B6-04E8-31E8-BABA-7973F938AA2A} = {C35B12B6-04E8-31E8-BABA-7973F938AA2A}
		{55BF3CA4-5132-352B-960B-FCB15B25FAAA} = {55BF3CA4-5132-352B-960B-FCB15B25FAAA}
	EndProjectSection
EndProject
Project("{8BC9CEB8-8B4A-11D0-8D11-00A0C91BC942}") = "gtest_stress_test", "googlemock\gtest\gtest_stress_test.vcxproj", "{CD56C6EE-8B8F-3358-AAE5-BB1FADB59F47}"
	ProjectSection(ProjectDependencies) = postProject
		{C35B12B6-04E8-31E8-BABA-7973F938AA2A} = {C35B12B6-04E8-31E8-BABA-7973F938AA2A}
	EndProjectSection
EndProject
Project("{8BC9CEB8-8B4A-11D0-8D11-00A0C91BC942}") = "gtest_throw_on_failure_ex_test", "googlemock\gtest\gtest_throw_on_failure_ex_test.vcxproj", "{B623FFA7-5CDB-3252-9EC5-908E0C7C77D8}"
	ProjectSection(ProjectDependencies) = postProject
		{C35B12B6-04E8-31E8-BABA-7973F938AA2A} = {C35B12B6-04E8-31E8-BABA-7973F938AA2A}
	EndProjectSection
EndProject
Project("{8BC9CEB8-8B4A-11D0-8D11-00A0C91BC942}") = "gtest_unittest", "googlemock\gtest\gtest_unittest.vcxproj", "{53424270-9A28-39FC-808E-47FC166A334C}"
	ProjectSection(ProjectDependencies) = postProject
		{C35B12B6-04E8-31E8-BABA-7973F938AA2A} = {C35B12B6-04E8-31E8-BABA-7973F938AA2A}
		{55BF3CA4-5132-352B-960B-FCB15B25FAAA} = {55BF3CA4-5132-352B-960B-FCB15B25FAAA}
	EndProjectSection
EndProject
Project("{8BC9CEB8-8B4A-11D0-8D11-00A0C91BC942}") = "gtest_xml_outfile1_test_", "googlemock\gtest\gtest_xml_outfile1_test_.vcxproj", "{8478E68C-39EC-38A8-A104-3B4C8BC610F6}"
	ProjectSection(ProjectDependencies) = postProject
		{C35B12B6-04E8-31E8-BABA-7973F938AA2A} = {C35B12B6-04E8-31E8-BABA-7973F938AA2A}
		{55BF3CA4-5132-352B-960B-FCB15B25FAAA} = {55BF3CA4-5132-352B-960B-FCB15B25FAAA}
	EndProjectSection
EndProject
Project("{8BC9CEB8-8B4A-11D0-8D11-00A0C91BC942}") = "gtest_xml_outfile2_test_", "googlemock\gtest\gtest_xml_outfile2_test_.vcxproj", "{65882CEF-B306-346B-9076-868E8A3E1E33}"
	ProjectSection(ProjectDependencies) = postProject
		{C35B12B6-04E8-31E8-BABA-7973F938AA2A} = {C35B12B6-04E8-31E8-BABA-7973F938AA2A}
		{55BF3CA4-5132-352B-960B-FCB15B25FAAA} = {55BF3CA4-5132-352B-960B-FCB15B25FAAA}
	EndProjectSection
EndProject
Project("{8BC9CEB8-8B4A-11D0-8D11-00A0C91BC942}") = "gtest_xml_output_unittest_", "googlemock\gtest\gtest_xml_output_unittest_.vcxproj", "{A42B0332-10E0-3A97-B630-DD360F20B7FD}"
	ProjectSection(ProjectDependencies) = postProject
		{C35B12B6-04E8-31E8-BABA-7973F938AA2A} = {C35B12B6-04E8-31E8-BABA-7973F938AA2A}
	EndProjectSection
EndProject
Project("{8BC9CEB8-8B4A-11D0-8D11-00A0C91BC942}") = "sample10_unittest", "googlemock\gtest\sample10_unittest.vcxproj", "{8998A0B2-6EEC-360B-B7E6-CB6779C600F2}"
	ProjectSection(ProjectDependencies) = postProject
		{C35B12B6-04E8-31E8-BABA-7973F938AA2A} = {C35B12B6-04E8-31E8-BABA-7973F938AA2A}
	EndProjectSection
EndProject
Project("{8BC9CEB8-8B4A-11D0-8D11-00A0C91BC942}") = "sample1_unittest", "googlemock\gtest\sample1_unittest.vcxproj", "{7753E84A-8CD3-3066-8CD8-E4F66FBD60A4}"
	ProjectSection(ProjectDependencies) = postProject
		{C35B12B6-04E8-31E8-BABA-7973F938AA2A} = {C35B12B6-04E8-31E8-BABA-7973F938AA2A}
		{55BF3CA4-5132-352B-960B-FCB15B25FAAA} = {55BF3CA4-5132-352B-960B-FCB15B25FAAA}
	EndProjectSection
EndProject
Project("{8BC9CEB8-8B4A-11D0-8D11-00A0C91BC942}") = "sample2_unittest", "googlemock\gtest\sample2_unittest.vcxproj", "{73DCF63D-A284-324B-8561-1D3F07B799CF}"
	ProjectSection(ProjectDependencies) = postProject
		{C35B12B6-04E8-31E8-BABA-7973F938AA2A} = {C35B12B6-04E8-31E8-BABA-7973F938AA2A}
		{55BF3CA4-5132-352B-960B-FCB15B25FAAA} = {55BF3CA4-5132-352B-960B-FCB15B25FAAA}
	EndProjectSection
EndProject
Project("{8BC9CEB8-8B4A-11D0-8D11-00A0C91BC942}") = "sample3_unittest", "googlemock\gtest\sample3_unittest.vcxproj", "{8D681807-10CE-3B6A-A1CD-2FFF87791E59}"
	ProjectSection(ProjectDependencies) = postProject
		{C35B12B6-04E8-31E8-BABA-7973F938AA2A} = {C35B12B6-04E8-31E8-BABA-7973F938AA2A}
		{55BF3CA4-5132-352B-960B-FCB15B25FAAA} = {55BF3CA4-5132-352B-960B-FCB15B25FAAA}
	EndProjectSection
EndProject
Project("{8BC9CEB8-8B4A-11D0-8D11-00A0C91BC942}") = "sample4_unittest", "googlemock\gtest\sample4_unittest.vcxproj", "{0393F06A-EB24-36E5-B38E-023A2F70669D}"
	ProjectSection(ProjectDependencies) = postProject
		{C35B12B6-04E8-31E8-BABA-7973F938AA2A} = {C35B12B6-04E8-31E8-BABA-7973F938AA2A}
		{55BF3CA4-5132-352B-960B-FCB15B25FAAA} = {55BF3CA4-5132-352B-960B-FCB15B25FAAA}
	EndProjectSection
EndProject
Project("{8BC9CEB8-8B4A-11D0-8D11-00A0C91BC942}") = "sample5_unittest", "googlemock\gtest\sample5_unittest.vcxproj", "{E0ABA641-171C-3FCD-80C4-515427A8A585}"
	ProjectSection(ProjectDependencies) = postProject
		{C35B12B6-04E8-31E8-BABA-7973F938AA2A} = {C35B12B6-04E8-31E8-BABA-7973F938AA2A}
		{55BF3CA4-5132-352B-960B-FCB15B25FAAA} = {55BF3CA4-5132-352B-960B-FCB15B25FAAA}
	EndProjectSection
EndProject
Project("{8BC9CEB8-8B4A-11D0-8D11-00A0C91BC942}") = "sample6_unittest", "googlemock\gtest\sample6_unittest.vcxproj", "{1DEFAD9A-F7B4-31C9-B891-857D076A0A7B}"
	ProjectSection(ProjectDependencies) = postProject
		{C35B12B6-04E8-31E8-BABA-7973F938AA2A} = {C35B12B6-04E8-31E8-BABA-7973F938AA2A}
		{55BF3CA4-5132-352B-960B-FCB15B25FAAA} = {55BF3CA4-5132-352B-960B-FCB15B25FAAA}
	EndProjectSection
EndProject
Project("{8BC9CEB8-8B4A-11D0-8D11-00A0C91BC942}") = "sample7_unittest", "googlemock\gtest\sample7_unittest.vcxproj", "{EE5CAA07-A6E3-3B9E-A5D8-12D4A80EE12D}"
	ProjectSection(ProjectDependencies) = postProject
		{C35B12B6-04E8-31E8-BABA-7973F938AA2A} = {C35B12B6-04E8-31E8-BABA-7973F938AA2A}
		{55BF3CA4-5132-352B-960B-FCB15B25FAAA} = {55BF3CA4-5132-352B-960B-FCB15B25FAAA}
	EndProjectSection
EndProject
Project("{8BC9CEB8-8B4A-11D0-8D11-00A0C91BC942}") = "sample8_unittest", "googlemock\gtest\sample8_unittest.vcxproj", "{2C9CD798-5452-32E4-8DC9-2FACB818AB2B}"
	ProjectSection(ProjectDependencies) = postProject
		{C35B12B6-04E8-31E8-BABA-7973F938AA2A} = {C35B12B6-04E8-31E8-BABA-7973F938AA2A}
		{55BF3CA4-5132-352B-960B-FCB15B25FAAA} = {55BF3CA4-5132-352B-960B-FCB15B25FAAA}
	EndProjectSection
EndProject
Project("{8BC9CEB8-8B4A-11D0-8D11-00A0C91BC942}") = "sample9_unittest", "googlemock\gtest\sample9_unittest.vcxproj", "{A8B1244E-53FA-3CDA-BE2C-4C353F1FDF86}"
	ProjectSection(ProjectDependencies) = postProject
		{C35B12B6-04E8-31E8-BABA-7973F938AA2A} = {C35B12B6-04E8-31E8-BABA-7973F938AA2A}
	EndProjectSection
EndProject
Project("{8BC9CEB8-8B4A-11D0-8D11-00A0C91BC942}") = "shared_gmock_main", "googlemock\shared_gmock_main.vcxproj", "{B5711E15-B613-3DEA-9FD1-FC8EDE35CCD6}"
EndProject
Project("{8BC9CEB8-8B4A-11D0-8D11-00A0C91BC942}") = "shared_gmock_test_", "googlemock\shared_gmock_test_.vcxproj", "{AAF5F5EA-04CB-3149-965B-056140C5E283}"
	ProjectSection(ProjectDependencies) = postProject
		{B5711E15-B613-3DEA-9FD1-FC8EDE35CCD6} = {B5711E15-B613-3DEA-9FD1-FC8EDE35CCD6}
	EndProjectSection
EndProject
Global
	GlobalSection(SolutionConfigurationPlatforms) = preSolution
		Debug|Win32 = Debug|Win32
		Release|Win32 = Release|Win32
	EndGlobalSection
	GlobalSection(ProjectConfigurationPlatforms) = postSolution
		{2C947170-2A30-3131-B11E-70AB968EA3E6}.Debug|Win32.ActiveCfg = Debug|Win32
		{2C947170-2A30-3131-B11E-70AB968EA3E6}.Debug|Win32.Build.0 = Debug|Win32
		{2C947170-2A30-3131-B11E-70AB968EA3E6}.Release|Win32.ActiveCfg = Release|Win32
		{2C947170-2A30-3131-B11E-70AB968EA3E6}.Release|Win32.Build.0 = Release|Win32
		{08039237-8763-30CF-B511-153D7165BBC3}.Debug|Win32.ActiveCfg = Debug|Win32
		{08039237-8763-30CF-B511-153D7165BBC3}.Debug|Win32.Build.0 = Debug|Win32
		{08039237-8763-30CF-B511-153D7165BBC3}.Release|Win32.ActiveCfg = Release|Win32
		{08039237-8763-30CF-B511-153D7165BBC3}.Release|Win32.Build.0 = Release|Win32
		{76A1FFE0-A883-33D5-A6AB-4596A43FC4DE}.Debug|Win32.ActiveCfg = Debug|Win32
		{76A1FFE0-A883-33D5-A6AB-4596A43FC4DE}.Debug|Win32.Build.0 = Debug|Win32
		{76A1FFE0-A883-33D5-A6AB-4596A43FC4DE}.Release|Win32.ActiveCfg = Release|Win32
		{76A1FFE0-A883-33D5-A6AB-4596A43FC4DE}.Release|Win32.Build.0 = Release|Win32
		{8C9A270B-F28F-3163-8F8D-C1F5283061F0}.Debug|Win32.ActiveCfg = Debug|Win32
		{8C9A270B-F28F-3163-8F8D-C1F5283061F0}.Debug|Win32.Build.0 = Debug|Win32
		{8C9A270B-F28F-3163-8F8D-C1F5283061F0}.Release|Win32.ActiveCfg = Release|Win32
		{8C9A270B-F28F-3163-8F8D-C1F5283061F0}.Release|Win32.Build.0 = Release|Win32
		{E8300577-D5EE-3A93-BEE2-6FF6CCEC99D1}.Debug|Win32.ActiveCfg = Debug|Win32
		{E8300577-D5EE-3A93-BEE2-6FF6CCEC99D1}.Debug|Win32.Build.0 = Debug|Win32
		{E8300577-D5EE-3A93-BEE2-6FF6CCEC99D1}.Release|Win32.ActiveCfg = Release|Win32
		{E8300577-D5EE-3A93-BEE2-6FF6CCEC99D1}.Release|Win32.Build.0 = Release|Win32
		{A875E483-F95C-354B-A383-3BEEACE1DD7E}.Debug|Win32.ActiveCfg = Debug|Win32
		{A875E483-F95C-354B-A383-3BEEACE1DD7E}.Debug|Win32.Build.0 = Debug|Win32
		{A875E483-F95C-354B-A383-3BEEACE1DD7E}.Release|Win32.ActiveCfg = Release|Win32
		{A875E483-F95C-354B-A383-3BEEACE1DD7E}.Release|Win32.Build.0 = Release|Win32
		{860267D7-D9CC-3CFF-9BBD-3C45C97CFEC1}.Debug|Win32.ActiveCfg = Debug|Win32
		{860267D7-D9CC-3CFF-9BBD-3C45C97CFEC1}.Debug|Win32.Build.0 = Debug|Win32
		{860267D7-D9CC-3CFF-9BBD-3C45C97CFEC1}.Release|Win32.ActiveCfg = Release|Win32
		{860267D7-D9CC-3CFF-9BBD-3C45C97CFEC1}.Release|Win32.Build.0 = Release|Win32
		{A49FFE68-A820-3535-8E28-DE6ADCEAE2F4}.Debug|Win32.ActiveCfg = Debug|Win32
		{A49FFE68-A820-3535-8E28-DE6ADCEAE2F4}.Debug|Win32.Build.0 = Debug|Win32
		{A49FFE68-A820-3535-8E28-DE6ADCEAE2F4}.Release|Win32.ActiveCfg = Release|Win32
		{A49FFE68-A820-3535-8E28-DE6ADCEAE2F4}.Release|Win32.Build.0 = Release|Win32
		{5642B369-65E9-3931-BC9F-6A3F521F887F}.Debug|Win32.ActiveCfg = Debug|Win32
		{5642B369-65E9-3931-BC9F-6A3F521F887F}.Debug|Win32.Build.0 = Debug|Win32
		{5642B369-65E9-3931-BC9F-6A3F521F887F}.Release|Win32.ActiveCfg = Release|Win32
		{5642B369-65E9-3931-BC9F-6A3F521F887F}.Release|Win32.Build.0 = Release|Win32
		{927476FB-5CDD-32B1-8A1C-6417431998AA}.Debug|Win32.ActiveCfg = Debug|Win32
		{927476FB-5CDD-32B1-8A1C-6417431998AA}.Debug|Win32.Build.0 = Debug|Win32
		{927476FB-5CDD-32B1-8A1C-6417431998AA}.Release|Win32.ActiveCfg = Release|Win32
		{927476FB-5CDD-32B1-8A1C-6417431998AA}.Release|Win32.Build.0 = Release|Win32
		{87563EBF-9688-3DD8-A8B1-53AE77BD0CC4}.Debug|Win32.ActiveCfg = Debug|Win32
		{87563EBF-9688-3DD8-A8B1-53AE77BD0CC4}.Debug|Win32.Build.0 = Debug|Win32
		{87563EBF-9688-3DD8-A8B1-53AE77BD0CC4}.Release|Win32.ActiveCfg = Release|Win32
		{87563EBF-9688-3DD8-A8B1-53AE77BD0CC4}.Release|Win32.Build.0 = Release|Win32
		{7F0D5BB2-843E-335A-8F0E-E5F514F971F5}.Debug|Win32.ActiveCfg = Debug|Win32
		{7F0D5BB2-843E-335A-8F0E-E5F514F971F5}.Debug|Win32.Build.0 = Debug|Win32
		{7F0D5BB2-843E-335A-8F0E-E5F514F971F5}.Release|Win32.ActiveCfg = Release|Win32
		{7F0D5BB2-843E-335A-8F0E-E5F514F971F5}.Release|Win32.Build.0 = Release|Win32
		{A309E430-A4B0-3865-BF7A-3E21B976A427}.Debug|Win32.ActiveCfg = Debug|Win32
		{A309E430-A4B0-3865-BF7A-3E21B976A427}.Debug|Win32.Build.0 = Debug|Win32
		{A309E430-A4B0-3865-BF7A-3E21B976A427}.Release|Win32.ActiveCfg = Release|Win32
		{A309E430-A4B0-3865-BF7A-3E21B976A427}.Release|Win32.Build.0 = Release|Win32
		{6255D16A-790D-385E-B7CD-64EF57934E00}.Debug|Win32.ActiveCfg = Debug|Win32
		{6255D16A-790D-385E-B7CD-64EF57934E00}.Debug|Win32.Build.0 = Debug|Win32
		{6255D16A-790D-385E-B7CD-64EF57934E00}.Release|Win32.ActiveCfg = Release|Win32
		{6255D16A-790D-385E-B7CD-64EF57934E00}.Release|Win32.Build.0 = Release|Win32
		{C91477C6-E61C-3C81-99FF-A662D2CE2F37}.Debug|Win32.ActiveCfg = Debug|Win32
		{C91477C6-E61C-3C81-99FF-A662D2CE2F37}.Debug|Win32.Build.0 = Debug|Win32
		{C91477C6-E61C-3C81-99FF-A662D2CE2F37}.Release|Win32.ActiveCfg = Release|Win32
		{C91477C6-E61C-3C81-99FF-A662D2CE2F37}.Release|Win32.Build.0 = Release|Win32
		{57B7BC8B-173E-3D9D-9FF8-C793C23829BD}.Debug|Win32.ActiveCfg = Debug|Win32
		{57B7BC8B-173E-3D9D-9FF8-C793C23829BD}.Debug|Win32.Build.0 = Debug|Win32
		{57B7BC8B-173E-3D9D-9FF8-C793C23829BD}.Release|Win32.ActiveCfg = Release|Win32
		{57B7BC8B-173E-3D9D-9FF8-C793C23829BD}.Release|Win32.Build.0 = Release|Win32
		{43760DDA-A6E8-36C5-B242-F690D390ECBB}.Debug|Win32.ActiveCfg = Debug|Win32
		{43760DDA-A6E8-36C5-B242-F690D390ECBB}.Debug|Win32.Build.0 = Debug|Win32
		{43760DDA-A6E8-36C5-B242-F690D390ECBB}.Release|Win32.ActiveCfg = Release|Win32
		{43760DDA-A6E8-36C5-B242-F690D390ECBB}.Release|Win32.Build.0 = Release|Win32
		{52DDB893-EF02-35F4-930B-C44D932AFE16}.Debug|Win32.ActiveCfg = Debug|Win32
		{52DDB893-EF02-35F4-930B-C44D932AFE16}.Debug|Win32.Build.0 = Debug|Win32
		{52DDB893-EF02-35F4-930B-C44D932AFE16}.Release|Win32.ActiveCfg = Release|Win32
		{52DDB893-EF02-35F4-930B-C44D932AFE16}.Release|Win32.Build.0 = Release|Win32
		{E5330B0F-30E2-3491-9DAC-1FDAD981AFFD}.Debug|Win32.ActiveCfg = Debug|Win32
		{E5330B0F-30E2-3491-9DAC-1FDAD981AFFD}.Debug|Win32.Build.0 = Debug|Win32
		{E5330B0F-30E2-3491-9DAC-1FDAD981AFFD}.Release|Win32.ActiveCfg = Release|Win32
		{E5330B0F-30E2-3491-9DAC-1FDAD981AFFD}.Release|Win32.Build.0 = Release|Win32
		{935DF71E-25BA-39F2-B73B-C9CBD5942E82}.Debug|Win32.ActiveCfg = Debug|Win32
		{935DF71E-25BA-39F2-B73B-C9CBD5942E82}.Debug|Win32.Build.0 = Debug|Win32
		{935DF71E-25BA-39F2-B73B-C9CBD5942E82}.Release|Win32.ActiveCfg = Release|Win32
		{935DF71E-25BA-39F2-B73B-C9CBD5942E82}.Release|Win32.Build.0 = Release|Win32
		{0BF38EAF-C16B-397C-AE4B-57D19E9EF9CA}.Debug|Win32.ActiveCfg = Debug|Win32
		{0BF38EAF-C16B-397C-AE4B-57D19E9EF9CA}.Debug|Win32.Build.0 = Debug|Win32
		{0BF38EAF-C16B-397C-AE4B-57D19E9EF9CA}.Release|Win32.ActiveCfg = Release|Win32
		{0BF38EAF-C16B-397C-AE4B-57D19E9EF9CA}.Release|Win32.Build.0 = Release|Win32
		{16791277-3DAB-3409-B086-5AA4A553B9B7}.Debug|Win32.ActiveCfg = Debug|Win32
		{16791277-3DAB-3409-B086-5AA4A553B9B7}.Debug|Win32.Build.0 = Debug|Win32
		{16791277-3DAB-3409-B086-5AA4A553B9B7}.Release|Win32.ActiveCfg = Release|Win32
		{16791277-3DAB-3409-B086-5AA4A553B9B7}.Release|Win32.Build.0 = Release|Win32
		{2A0EF695-FFC1-3B9D-9353-AD89CB336D82}.Debug|Win32.ActiveCfg = Debug|Win32
		{2A0EF695-FFC1-3B9D-9353-AD89CB336D82}.Debug|Win32.Build.0 = Debug|Win32
		{2A0EF695-FFC1-3B9D-9353-AD89CB336D82}.Release|Win32.ActiveCfg = Release|Win32
		{2A0EF695-FFC1-3B9D-9353-AD89CB336D82}.Release|Win32.Build.0 = Release|Win32
		{81300D4F-1B46-3E61-83D1-5E34694FFFE2}.Debug|Win32.ActiveCfg = Debug|Win32
		{81300D4F-1B46-3E61-83D1-5E34694FFFE2}.Debug|Win32.Build.0 = Debug|Win32
		{81300D4F-1B46-3E61-83D1-5E34694FFFE2}.Release|Win32.ActiveCfg = Release|Win32
		{81300D4F-1B46-3E61-83D1-5E34694FFFE2}.Release|Win32.Build.0 = Release|Win32
		{E91A6F25-B41B-396F-8465-79CECE803EEE}.Debug|Win32.ActiveCfg = Debug|Win32
		{E91A6F25-B41B-396F-8465-79CECE803EEE}.Debug|Win32.Build.0 = Debug|Win32
		{E91A6F25-B41B-396F-8465-79CECE803EEE}.Release|Win32.ActiveCfg = Release|Win32
		{E91A6F25-B41B-396F-8465-79CECE803EEE}.Release|Win32.Build.0 = Release|Win32
		{4E502FBB-22A6-3954-971C-BE7052FC7A4D}.Debug|Win32.ActiveCfg = Debug|Win32
		{4E502FBB-22A6-3954-971C-BE7052FC7A4D}.Debug|Win32.Build.0 = Debug|Win32
		{4E502FBB-22A6-3954-971C-BE7052FC7A4D}.Release|Win32.ActiveCfg = Release|Win32
		{4E502FBB-22A6-3954-971C-BE7052FC7A4D}.Release|Win32.Build.0 = Release|Win32
		{1ABEF5B9-29B4-38C3-83BE-6AB5127ACC9F}.Debug|Win32.ActiveCfg = Debug|Win32
		{1ABEF5B9-29B4-38C3-83BE-6AB5127ACC9F}.Debug|Win32.Build.0 = Debug|Win32
		{1ABEF5B9-29B4-38C3-83BE-6AB5127ACC9F}.Release|Win32.ActiveCfg = Release|Win32
		{1ABEF5B9-29B4-38C3-83BE-6AB5127ACC9F}.Release|Win32.Build.0 = Release|Win32
		{24C441C3-A364-3425-9DE5-0D680F3D40DE}.Debug|Win32.ActiveCfg = Debug|Win32
		{24C441C3-A364-3425-9DE5-0D680F3D40DE}.Debug|Win32.Build.0 = Debug|Win32
		{24C441C3-A364-3425-9DE5-0D680F3D40DE}.Release|Win32.ActiveCfg = Release|Win32
		{24C441C3-A364-3425-9DE5-0D680F3D40DE}.Release|Win32.Build.0 = Release|Win32
		{13650D6F-608D-3E45-A4DB-F870668D8765}.Debug|Win32.ActiveCfg = Debug|Win32
		{13650D6F-608D-3E45-A4DB-F870668D8765}.Debug|Win32.Build.0 = Debug|Win32
		{13650D6F-608D-3E45-A4DB-F870668D8765}.Release|Win32.ActiveCfg = Release|Win32
		{13650D6F-608D-3E45-A4DB-F870668D8765}.Release|Win32.Build.0 = Release|Win32
		{8C2C2DA7-4571-3A26-BE6E-EDD241C1D679}.Debug|Win32.ActiveCfg = Debug|Win32
		{8C2C2DA7-4571-3A26-BE6E-EDD241C1D679}.Debug|Win32.Build.0 = Debug|Win32
		{8C2C2DA7-4571-3A26-BE6E-EDD241C1D679}.Release|Win32.ActiveCfg = Release|Win32
		{8C2C2DA7-4571-3A26-BE6E-EDD241C1D679}.Release|Win32.Build.0 = Release|Win32
		{AC4D490F-A8A6-3EEE-A8E9-B2432FE01630}.Debug|Win32.ActiveCfg = Debug|Win32
		{AC4D490F-A8A6-3EEE-A8E9-B2432FE01630}.Debug|Win32.Build.0 = Debug|Win32
		{AC4D490F-A8A6-3EEE-A8E9-B2432FE01630}.Release|Win32.ActiveCfg = Release|Win32
		{AC4D490F-A8A6-3EEE-A8E9-B2432FE01630}.Release|Win32.Build.0 = Release|Win32
		{6655395B-7C96-3E69-9793-2E0D6922F7C2}.Debug|Win32.ActiveCfg = Debug|Win32
		{6655395B-7C96-3E69-9793-2E0D6922F7C2}.Debug|Win32.Build.0 = Debug|Win32
		{6655395B-7C96-3E69-9793-2E0D6922F7C2}.Release|Win32.ActiveCfg = Release|Win32
		{6655395B-7C96-3E69-9793-2E0D6922F7C2}.Release|Win32.Build.0 = Release|Win32
		{3B8815F8-2C9D-3F19-8A1A-CDB662D8CD9F}.Debug|Win32.ActiveCfg = Debug|Win32
		{3B8815F8-2C9D-3F19-8A1A-CDB662D8CD9F}.Debug|Win32.Build.0 = Debug|Win32
		{3B8815F8-2C9D-3F19-8A1A-CDB662D8CD9F}.Release|Win32.ActiveCfg = Release|Win32
		{3B8815F8-2C9D-3F19-8A1A-CDB662D8CD9F}.Release|Win32.Build.0 = Release|Win32
		{E7E87E02-35C4-369E-8977-6F5C3DA66B2A}.Debug|Win32.ActiveCfg = Debug|Win32
		{E7E87E02-35C4-369E-8977-6F5C3DA66B2A}.Debug|Win32.Build.0 = Debug|Win32
		{E7E87E02-35C4-369E-8977-6F5C3DA66B2A}.Release|Win32.ActiveCfg = Release|Win32
		{E7E87E02-35C4-369E-8977-6F5C3DA66B2A}.Release|Win32.Build.0 = Release|Win32
		{1CC4551B-2F59-3F89-92AC-4E6A43BFD75E}.Debug|Win32.ActiveCfg = Debug|Win32
		{1CC4551B-2F59-3F89-92AC-4E6A43BFD75E}.Debug|Win32.Build.0 = Debug|Win32
		{1CC4551B-2F59-3F89-92AC-4E6A43BFD75E}.Release|Win32.ActiveCfg = Release|Win32
		{1CC4551B-2F59-3F89-92AC-4E6A43BFD75E}.Release|Win32.Build.0 = Release|Win32
		{F14BA9D4-EB26-35D2-B736-1DFD7701E377}.Debug|Win32.ActiveCfg = Debug|Win32
		{F14BA9D4-EB26-35D2-B736-1DFD7701E377}.Debug|Win32.Build.0 = Debug|Win32
		{F14BA9D4-EB26-35D2-B736-1DFD7701E377}.Release|Win32.ActiveCfg = Release|Win32
		{F14BA9D4-EB26-35D2-B736-1DFD7701E377}.Release|Win32.Build.0 = Release|Win32
		{3C0684A6-8187-3D8E-8B6C-BBAC8F8A4D9E}.Debug|Win32.ActiveCfg = Debug|Win32
		{3C0684A6-8187-3D8E-8B6C-BBAC8F8A4D9E}.Debug|Win32.Build.0 = Debug|Win32
		{3C0684A6-8187-3D8E-8B6C-BBAC8F8A4D9E}.Release|Win32.ActiveCfg = Release|Win32
		{3C0684A6-8187-3D8E-8B6C-BBAC8F8A4D9E}.Release|Win32.Build.0 = Release|Win32
		{F0F432EC-C284-3AFC-BBEB-A7454190DB82}.Debug|Win32.ActiveCfg = Debug|Win32
		{F0F432EC-C284-3AFC-BBEB-A7454190DB82}.Debug|Win32.Build.0 = Debug|Win32
		{F0F432EC-C284-3AFC-BBEB-A7454190DB82}.Release|Win32.ActiveCfg = Release|Win32
		{F0F432EC-C284-3AFC-BBEB-A7454190DB82}.Release|Win32.Build.0 = Release|Win32
		{DA736EAD-9DF7-3022-8204-12B4E750FF41}.Debug|Win32.ActiveCfg = Debug|Win32
		{DA736EAD-9DF7-3022-8204-12B4E750FF41}.Debug|Win32.Build.0 = Debug|Win32
		{DA736EAD-9DF7-3022-8204-12B4E750FF41}.Release|Win32.ActiveCfg = Release|Win32
		{DA736EAD-9DF7-3022-8204-12B4E750FF41}.Release|Win32.Build.0 = Release|Win32
		{59B9B649-4673-343B-8143-4FD32849D124}.Debug|Win32.ActiveCfg = Debug|Win32
		{59B9B649-4673-343B-8143-4FD32849D124}.Debug|Win32.Build.0 = Debug|Win32
		{59B9B649-4673-343B-8143-4FD32849D124}.Release|Win32.ActiveCfg = Release|Win32
		{59B9B649-4673-343B-8143-4FD32849D124}.Release|Win32.Build.0 = Release|Win32
		{409B1602-3B98-3D21-A81D-D39147A1E0A1}.Debug|Win32.ActiveCfg = Debug|Win32
		{409B1602-3B98-3D21-A81D-D39147A1E0A1}.Debug|Win32.Build.0 = Debug|Win32
		{409B1602-3B98-3D21-A81D-D39147A1E0A1}.Release|Win32.ActiveCfg = Release|Win32
		{409B1602-3B98-3D21-A81D-D39147A1E0A1}.Release|Win32.Build.0 = Release|Win32
		{16816FEC-61C0-3641-A80D-6961F4620D7E}.Debug|Win32.ActiveCfg = Debug|Win32
		{16816FEC-61C0-3641-A80D-6961F4620D7E}.Debug|Win32.Build.0 = Debug|Win32
		{16816FEC-61C0-3641-A80D-6961F4620D7E}.Release|Win32.ActiveCfg = Release|Win32
		{16816FEC-61C0-3641-A80D-6961F4620D7E}.Release|Win32.Build.0 = Release|Win32
		{5313B4EE-D951-35DB-A814-043C73536FF2}.Debug|Win32.ActiveCfg = Debug|Win32
		{5313B4EE-D951-35DB-A814-043C73536FF2}.Debug|Win32.Build.0 = Debug|Win32
		{5313B4EE-D951-35DB-A814-043C73536FF2}.Release|Win32.ActiveCfg = Release|Win32
		{5313B4EE-D951-35DB-A814-043C73536FF2}.Release|Win32.Build.0 = Release|Win32
		{C35B12B6-04E8-31E8-BABA-7973F938AA2A}.Debug|Win32.ActiveCfg = Debug|Win32
		{C35B12B6-04E8-31E8-BABA-7973F938AA2A}.Debug|Win32.Build.0 = Debug|Win32
		{C35B12B6-04E8-31E8-BABA-7973F938AA2A}.Release|Win32.ActiveCfg = Release|Win32
		{C35B12B6-04E8-31E8-BABA-7973F938AA2A}.Release|Win32.Build.0 = Release|Win32
		{0FFEA2C0-BB73-3A44-8E78-E631B482FE93}.Debug|Win32.ActiveCfg = Debug|Win32
		{0FFEA2C0-BB73-3A44-8E78-E631B482FE93}.Debug|Win32.Build.0 = Debug|Win32
		{0FFEA2C0-BB73-3A44-8E78-E631B482FE93}.Release|Win32.ActiveCfg = Release|Win32
		{0FFEA2C0-BB73-3A44-8E78-E631B482FE93}.Release|Win32.Build.0 = Release|Win32
		{2EB4C7FE-D6BE-3789-B2CB-7E5291499637}.Debug|Win32.ActiveCfg = Debug|Win32
		{2EB4C7FE-D6BE-3789-B2CB-7E5291499637}.Debug|Win32.Build.0 = Debug|Win32
		{2EB4C7FE-D6BE-3789-B2CB-7E5291499637}.Release|Win32.ActiveCfg = Release|Win32
		{2EB4C7FE-D6BE-3789-B2CB-7E5291499637}.Release|Win32.Build.0 = Release|Win32
		{1B1987AA-CE79-3455-B828-03A64650E3CC}.Debug|Win32.ActiveCfg = Debug|Win32
		{1B1987AA-CE79-3455-B828-03A64650E3CC}.Debug|Win32.Build.0 = Debug|Win32
		{1B1987AA-CE79-3455-B828-03A64650E3CC}.Release|Win32.ActiveCfg = Release|Win32
		{1B1987AA-CE79-3455-B828-03A64650E3CC}.Release|Win32.Build.0 = Release|Win32
		{70BA4377-755D-334C-875E-914DEE8099E8}.Debug|Win32.ActiveCfg = Debug|Win32
		{70BA4377-755D-334C-875E-914DEE8099E8}.Debug|Win32.Build.0 = Debug|Win32
		{70BA4377-755D-334C-875E-914DEE8099E8}.Release|Win32.ActiveCfg = Release|Win32
		{70BA4377-755D-334C-875E-914DEE8099E8}.Release|Win32.Build.0 = Release|Win32
		{A7C4AB44-13C9-359E-802C-9FEA79DB10BF}.Debug|Win32.ActiveCfg = Debug|Win32
		{A7C4AB44-13C9-359E-802C-9FEA79DB10BF}.Debug|Win32.Build.0 = Debug|Win32
		{A7C4AB44-13C9-359E-802C-9FEA79DB10BF}.Release|Win32.ActiveCfg = Release|Win32
		{A7C4AB44-13C9-359E-802C-9FEA79DB10BF}.Release|Win32.Build.0 = Release|Win32
		{B703F0A6-57FA-30A8-B8B8-4024323D4758}.Debug|Win32.ActiveCfg = Debug|Win32
		{B703F0A6-57FA-30A8-B8B8-4024323D4758}.Debug|Win32.Build.0 = Debug|Win32
		{B703F0A6-57FA-30A8-B8B8-4024323D4758}.Release|Win32.ActiveCfg = Release|Win32
		{B703F0A6-57FA-30A8-B8B8-4024323D4758}.Release|Win32.Build.0 = Release|Win32
		{69E97220-D246-325F-BA79-3377B534908E}.Debug|Win32.ActiveCfg = Debug|Win32
		{69E97220-D246-325F-BA79-3377B534908E}.Debug|Win32.Build.0 = Debug|Win32
		{69E97220-D246-325F-BA79-3377B534908E}.Release|Win32.ActiveCfg = Release|Win32
		{69E97220-D246-325F-BA79-3377B534908E}.Release|Win32.Build.0 = Release|Win32
		{8AA68D65-E422-3143-BF7E-C5C42AF9255D}.Debug|Win32.ActiveCfg = Debug|Win32
		{8AA68D65-E422-3143-BF7E-C5C42AF9255D}.Debug|Win32.Build.0 = Debug|Win32
		{8AA68D65-E422-3143-BF7E-C5C42AF9255D}.Release|Win32.ActiveCfg = Release|Win32
		{8AA68D65-E422-3143-BF7E-C5C42AF9255D}.Release|Win32.Build.0 = Release|Win32
		{55BF3CA4-5132-352B-960B-FCB15B25FAAA}.Debug|Win32.ActiveCfg = Debug|Win32
		{55BF3CA4-5132-352B-960B-FCB15B25FAAA}.Debug|Win32.Build.0 = Debug|Win32
		{55BF3CA4-5132-352B-960B-FCB15B25FAAA}.Release|Win32.ActiveCfg = Release|Win32
		{55BF3CA4-5132-352B-960B-FCB15B25FAAA}.Release|Win32.Build.0 = Release|Win32
		{CB1BDDD7-8B30-317A-8E0F-1C6BBCDDE214}.Debug|Win32.ActiveCfg = Debug|Win32
		{CB1BDDD7-8B30-317A-8E0F-1C6BBCDDE214}.Debug|Win32.Build.0 = Debug|Win32
		{CB1BDDD7-8B30-317A-8E0F-1C6BBCDDE214}.Release|Win32.ActiveCfg = Release|Win32
		{CB1BDDD7-8B30-317A-8E0F-1C6BBCDDE214}.Release|Win32.Build.0 = Release|Win32
		{79D99810-454A-316F-8400-F4273219F2C2}.Debug|Win32.ActiveCfg = Debug|Win32
		{79D99810-454A-316F-8400-F4273219F2C2}.Debug|Win32.Build.0 = Debug|Win32
		{79D99810-454A-316F-8400-F4273219F2C2}.Release|Win32.ActiveCfg = Release|Win32
		{79D99810-454A-316F-8400-F4273219F2C2}.Release|Win32.Build.0 = Release|Win32
		{100DD4DF-F805-3FF8-AA8A-82C959EA10D0}.Debug|Win32.ActiveCfg = Debug|Win32
		{100DD4DF-F805-3FF8-AA8A-82C959EA10D0}.Debug|Win32.Build.0 = Debug|Win32
		{100DD4DF-F805-3FF8-AA8A-82C959EA10D0}.Release|Win32.ActiveCfg = Release|Win32
		{100DD4DF-F805-3FF8-AA8A-82C959EA10D0}.Release|Win32.Build.0 = Release|Win32
		{AC1AB683-49E3-3A61-9A4E-B4853BF0CE6E}.Debug|Win32.ActiveCfg = Debug|Win32
		{AC1AB683-49E3-3A61-9A4E-B4853BF0CE6E}.Debug|Win32.Build.0 = Debug|Win32
		{AC1AB683-49E3-3A61-9A4E-B4853BF0CE6E}.Release|Win32.ActiveCfg = Release|Win32
		{AC1AB683-49E3-3A61-9A4E-B4853BF0CE6E}.Release|Win32.Build.0 = Release|Win32
		{BF5BA465-4C11-36F5-B2D3-EF437058ABBF}.Debug|Win32.ActiveCfg = Debug|Win32
		{BF5BA465-4C11-36F5-B2D3-EF437058ABBF}.Debug|Win32.Build.0 = Debug|Win32
		{BF5BA465-4C11-36F5-B2D3-EF437058ABBF}.Release|Win32.ActiveCfg = Release|Win32
		{BF5BA465-4C11-36F5-B2D3-EF437058ABBF}.Release|Win32.Build.0 = Release|Win32
		{721077EB-99C8-3CF1-AA82-AD24577FEB44}.Debug|Win32.ActiveCfg = Debug|Win32
		{721077EB-99C8-3CF1-AA82-AD24577FEB44}.Debug|Win32.Build.0 = Debug|Win32
		{721077EB-99C8-3CF1-AA82-AD24577FEB44}.Release|Win32.ActiveCfg = Release|Win32
		{721077EB-99C8-3CF1-AA82-AD24577FEB44}.Release|Win32.Build.0 = Release|Win32
		{D55859AF-ADE2-3344-B591-A997E5E718B1}.Debug|Win32.ActiveCfg = Debug|Win32
		{D55859AF-ADE2-3344-B591-A997E5E718B1}.Debug|Win32.Build.0 = Debug|Win32
		{D55859AF-ADE2-3344-B591-A997E5E718B1}.Release|Win32.ActiveCfg = Release|Win32
		{D55859AF-ADE2-3344-B591-A997E5E718B1}.Release|Win32.Build.0 = Release|Win32
		{6F44D597-BED1-3268-ACAE-F3F7E211F19B}.Debug|Win32.ActiveCfg = Debug|Win32
		{6F44D597-BED1-3268-ACAE-F3F7E211F19B}.Debug|Win32.Build.0 = Debug|Win32
		{6F44D597-BED1-3268-ACAE-F3F7E211F19B}.Release|Win32.ActiveCfg = Release|Win32
		{6F44D597-BED1-3268-ACAE-F3F7E211F19B}.Release|Win32.Build.0 = Release|Win32
		{608ABCCB-CF36-3196-88DD-18E758FE8163}.Debug|Win32.ActiveCfg = Debug|Win32
		{608ABCCB-CF36-3196-88DD-18E758FE8163}.Debug|Win32.Build.0 = Debug|Win32
		{608ABCCB-CF36-3196-88DD-18E758FE8163}.Release|Win32.ActiveCfg = Release|Win32
		{608ABCCB-CF36-3196-88DD-18E758FE8163}.Release|Win32.Build.0 = Release|Win32
		{45ACE3EF-740F-397F-964C-5689DCF8658D}.Debug|Win32.ActiveCfg = Debug|Win32
		{45ACE3EF-740F-397F-964C-5689DCF8658D}.Debug|Win32.Build.0 = Debug|Win32
		{45ACE3EF-740F-397F-964C-5689DCF8658D}.Release|Win32.ActiveCfg = Release|Win32
		{45ACE3EF-740F-397F-964C-5689DCF8658D}.Release|Win32.Build.0 = Release|Win32
		{8AB46431-D586-310E-8853-013CF018D4CF}.Debug|Win32.ActiveCfg = Debug|Win32
		{8AB46431-D586-310E-8853-013CF018D4CF}.Debug|Win32.Build.0 = Debug|Win32
		{8AB46431-D586-310E-8853-013CF018D4CF}.Release|Win32.ActiveCfg = Release|Win32
		{8AB46431-D586-310E-8853-013CF018D4CF}.Release|Win32.Build.0 = Release|Win32
		{41739482-24EF-3434-9A4D-D89EA299A4B3}.Debug|Win32.ActiveCfg = Debug|Win32
		{41739482-24EF-3434-9A4D-D89EA299A4B3}.Debug|Win32.Build.0 = Debug|Win32
		{41739482-24EF-3434-9A4D-D89EA299A4B3}.Release|Win32.ActiveCfg = Release|Win32
		{41739482-24EF-3434-9A4D-D89EA299A4B3}.Release|Win32.Build.0 = Release|Win32
		{CD56C6EE-8B8F-3358-AAE5-BB1FADB59F47}.Debug|Win32.ActiveCfg = Debug|Win32
		{CD56C6EE-8B8F-3358-AAE5-BB1FADB59F47}.Debug|Win32.Build.0 = Debug|Win32
		{CD56C6EE-8B8F-3358-AAE5-BB1FADB59F47}.Release|Win32.ActiveCfg = Release|Win32
		{CD56C6EE-8B8F-3358-AAE5-BB1FADB59F47}.Release|Win32.Build.0 = Release|Win32
		{B623FFA7-5CDB-3252-9EC5-908E0C7C77D8}.Debug|Win32.ActiveCfg = Debug|Win32
		{B623FFA7-5CDB-3252-9EC5-908E0C7C77D8}.Debug|Win32.Build.0 = Debug|Win32
		{B623FFA7-5CDB-3252-9EC5-908E0C7C77D8}.Release|Win32.ActiveCfg = Release|Win32
		{B623FFA7-5CDB-3252-9EC5-908E0C7C77D8}.Release|Win32.Build.0 = Release|Win32
		{53424270-9A28-39FC-808E-47FC166A334C}.Debug|Win32.ActiveCfg = Debug|Win32
		{53424270-9A28-39FC-808E-47FC166A334C}.Debug|Win32.Build.0 = Debug|Win32
		{53424270-9A28-39FC-808E-47FC166A334C}.Release|Win32.ActiveCfg = Release|Win32
		{53424270-9A28-39FC-808E-47FC166A334C}.Release|Win32.Build.0 = Release|Win32
		{8478E68C-39EC-38A8-A104-3B4C8BC610F6}.Debug|Win32.ActiveCfg = Debug|Win32
		{8478E68C-39EC-38A8-A104-3B4C8BC610F6}.Debug|Win32.Build.0 = Debug|Win32
		{8478E68C-39EC-38A8-A104-3B4C8BC610F6}.Release|Win32.ActiveCfg = Release|Win32
		{8478E68C-39EC-38A8-A104-3B4C8BC610F6}.Release|Win32.Build.0 = Release|Win32
		{65882CEF-B306-346B-9076-868E8A3E1E33}.Debug|Win32.ActiveCfg = Debug|Win32
		{65882CEF-B306-346B-9076-868E8A3E1E33}.Debug|Win32.Build.0 = Debug|Win32
		{65882CEF-B306-346B-9076-868E8A3E1E33}.Release|Win32.ActiveCfg = Release|Win32
		{65882CEF-B306-346B-9076-868E8A3E1E33}.Release|Win32.Build.0 = Release|Win32
		{A42B0332-10E0-3A97-B630-DD360F20B7FD}.Debug|Win32.ActiveCfg = Debug|Win32
		{A42B0332-10E0-3A97-B630-DD360F20B7FD}.Debug|Win32.Build.0 = Debug|Win32
		{A42B0332-10E0-3A97-B630-DD360F20B7FD}.Release|Win32.ActiveCfg = Release|Win32
		{A42B0332-10E0-3A97-B630-DD360F20B7FD}.Release|Win32.Build.0 = Release|Win32
		{8998A0B2-6EEC-360B-B7E6-CB6779C600F2}.Debug|Win32.ActiveCfg = Debug|Win32
		{8998A0B2-6EEC-360B-B7E6-CB6779C600F2}.Debug|Win32.Build.0 = Debug|Win32
		{8998A0B2-6EEC-360B-B7E6-CB6779C600F2}.Release|Win32.ActiveCfg = Release|Win32
		{8998A0B2-6EEC-360B-B7E6-CB6779C600F2}.Release|Win32.Build.0 = Release|Win32
		{7753E84A-8CD3-3066-8CD8-E4F66FBD60A4}.Debug|Win32.ActiveCfg = Debug|Win32
		{7753E84A-8CD3-3066-8CD8-E4F66FBD60A4}.Debug|Win32.Build.0 = Debug|Win32
		{7753E84A-8CD3-3066-8CD8-E4F66FBD60A4}.Release|Win32.ActiveCfg = Release|Win32
		{7753E84A-8CD3-3066-8CD8-E4F66FBD60A4}.Release|Win32.Build.0 = Release|Win32
		{73DCF63D-A284-324B-8561-1D3F07B799CF}.Debug|Win32.ActiveCfg = Debug|Win32
		{73DCF63D-A284-324B-8561-1D3F07B799CF}.Debug|Win32.Build.0 = Debug|Win32
		{73DCF63D-A284-324B-8561-1D3F07B799CF}.Release|Win32.ActiveCfg = Release|Win32
		{73DCF63D-A284-324B-8561-1D3F07B799CF}.Release|Win32.Build.0 = Release|Win32
		{8D681807-10CE-3B6A-A1CD-2FFF87791E59}.Debug|Win32.ActiveCfg = Debug|Win32
		{8D681807-10CE-3B6A-A1CD-2FFF87791E59}.Debug|Win32.Build.0 = Debug|Win32
		{8D681807-10CE-3B6A-A1CD-2FFF87791E59}.Release|Win32.ActiveCfg = Release|Win32
		{8D681807-10CE-3B6A-A1CD-2FFF87791E59}.Release|Win32.Build.0 = Release|Win32
		{0393F06A-EB24-36E5-B38E-023A2F70669D}.Debug|Win32.ActiveCfg = Debug|Win32
		{0393F06A-EB24-36E5-B38E-023A2F70669D}.Debug|Win32.Build.0 = Debug|Win32
		{0393F06A-EB24-36E5-B38E-023A2F70669D}.Release|Win32.ActiveCfg = Release|Win32
		{0393F06A-EB24-36E5-B38E-023A2F70669D}.Release|Win32.Build.0 = Release|Win32
		{E0ABA641-171C-3FCD-80C4-515427A8A585}.Debug|Win32.ActiveCfg = Debug|Win32
		{E0ABA641-171C-3FCD-80C4-515427A8A585}.Debug|Win32.Build.0 = Debug|Win32
		{E0ABA641-171C-3FCD-80C4-515427A8A585}.Release|Win32.ActiveCfg = Release|Win32
		{E0ABA641-171C-3FCD-80C4-515427A8A585}.Release|Win32.Build.0 = Release|Win32
		{1DEFAD9A-F7B4-31C9-B891-857D076A0A7B}.Debug|Win32.ActiveCfg = Debug|Win32
		{1DEFAD9A-F7B4-31C9-B891-857D076A0A7B}.Debug|Win32.Build.0 = Debug|Win32
		{1DEFAD9A-F7B4-31C9-B891-857D076A0A7B}.Release|Win32.ActiveCfg = Release|Win32
		{1DEFAD9A-F7B4-31C9-B891-857D076A0A7B}.Release|Win32.Build.0 = Release|Win32
		{EE5CAA07-A6E3-3B9E-A5D8-12D4A80EE12D}.Debug|Win32.ActiveCfg = Debug|Win32
		{EE5CAA07-A6E3-3B9E-A5D8-12D4A80EE12D}.Debug|Win32.Build.0 = Debug|Win32
		{EE5CAA07-A6E3-3B9E-A5D8-12D4A80EE12D}.Release|Win32.ActiveCfg = Release|Win32
		{EE5CAA07-A6E3-3B9E-A5D8-12D4A80EE12D}.Release|Win32.Build.0 = Release|Win32
		{2C9CD798-5452-32E4-8DC9-2FACB818AB2B}.Debug|Win32.ActiveCfg = Debug|Win32
		{2C9CD798-5452-32E4-8DC9-2FACB818AB2B}.Debug|Win32.Build.0 = Debug|Win32
		{2C9CD798-5452-32E4-8DC9-2FACB818AB2B}.Release|Win32.ActiveCfg = Release|Win32
		{2C9CD798-5452-32E4-8DC9-2FACB818AB2B}.Release|Win32.Build.0 = Release|Win32
		{A8B1244E-53FA-3CDA-BE2C-4C353F1FDF86}.Debug|Win32.ActiveCfg = Debug|Win32
		{A8B1244E-53FA-3CDA-BE2C-4C353F1FDF86}.Debug|Win32.Build.0 = Debug|Win32
		{A8B1244E-53FA-3CDA-BE2C-4C353F1FDF86}.Release|Win32.ActiveCfg = Release|Win32
		{A8B1244E-53FA-3CDA-BE2C-4C353F1FDF86}.Release|Win32.Build.0 = Release|Win32
		{B5711E15-B613-3DEA-9FD1-FC8EDE35CCD6}.Debug|Win32.ActiveCfg = Debug|Win32
		{B5711E15-B613-3DEA-9FD1-FC8EDE35CCD6}.Debug|Win32.Build.0 = Debug|Win32
		{B5711E15-B613-3DEA-9FD1-FC8EDE35CCD6}.Release|Win32.ActiveCfg = Release|Win32
		{B5711E15-B613-3DEA-9FD1-FC8EDE35CCD6}.Release|Win32.Build.0 = Release|Win32
		{AAF5F5EA-04CB-3149-965B-056140C5E283}.Debug|Win32.ActiveCfg = Debug|Win32
		{AAF5F5EA-04CB-3149-965B-056140C5E283}.Debug|Win32.Build.0 = Debug|Win32
		{AAF5F5EA-04CB-3149-965B-056140C5E283}.Release|Win32.ActiveCfg = Release|Win32
		{AAF5F5EA-04CB-3149-965B-056140C5E283}.Release|Win32.Build.0 = Release|Win32
	EndGlobalSection
	GlobalSection(SolutionProperties) = preSolution
		HideSolutionNode = FALSE
	EndGlobalSection
	GlobalSection(ExtensibilityGlobals) = postSolution
		SolutionGuid = {0E1D006B-AC2C-382F-B411-D4056765A639}
	EndGlobalSection
EndGlobal
